
Microsoft Visual Studio Solution File, Format Version 12.00
# Visual Studio 14
VisualStudioVersion = 14.0.25420.1
MinimumVisualStudioVersion = 10.0.40219.1
Project("{2150E333-8FDC-42A3-9474-1A3956D46DE8}") = "2 - Infra", "2 - Infra", "{DAE70D2E-4129-41ED-983E-6EB8A5F1C42F}"
EndProject
Project("{2150E333-8FDC-42A3-9474-1A3956D46DE8}") = "2.1-Data", "2.1-Data", "{FE5F8B9F-7B71-4C72-A38E-E48C4D4F8B2D}"
EndProject
Project("{FAE04EC0-301F-11D3-BF4B-00C04F79EFBC}") = "CoffeeExperience.Data", "CoffeeExperience.Data\CoffeeExperience.Data.csproj", "{65CDE882-CC95-48A9-B7F9-324AB1BD470C}"
EndProject
Project("{2150E333-8FDC-42A3-9474-1A3956D46DE8}") = "2.2-CrossCutting", "2.2-CrossCutting", "{882F2DDB-056F-457E-BD84-D83B4C293161}"
EndProject
Project("{FAE04EC0-301F-11D3-BF4B-00C04F79EFBC}") = "CoffeeExperience.Infra.CrossCutting", "CoffeeExperience.Infra.CrossCutting\CoffeeExperience.Infra.CrossCutting.csproj", "{6E6C966C-C7CA-48BB-965C-047A4721FBC0}"
EndProject
Project("{FAE04EC0-301F-11D3-BF4B-00C04F79EFBC}") = "CoffeeExperience.Domain", "CoffeeExperience.Domain\CoffeeExperience.Domain.csproj", "{612184CB-CE0E-4196-9E5F-07A8FB309BB3}"
EndProject
Project("{2150E333-8FDC-42A3-9474-1A3956D46DE8}") = "1 - Domain", "1 - Domain", "{AC714C55-2581-4EB6-9F8C-4086FAE7CEFB}"
EndProject
Project("{2150E333-8FDC-42A3-9474-1A3956D46DE8}") = "0 - Presentation", "0 - Presentation", "{35155F02-D641-4121-A90C-0F7FAADDB98B}"
EndProject
Project("{FAE04EC0-301F-11D3-BF4B-00C04F79EFBC}") = "CoffeeExperience.MVC", "CoffeeExperience.MVC\CoffeeExperience.MVC.csproj", "{625D2EE8-424F-42D8-8745-0BC374026098}"
EndProject
Project("{FAE04EC0-301F-11D3-BF4B-00C04F79EFBC}") = "CoffeeExperience.WebApi", "CoffeeExperience.WebApi\CoffeeExperience.WebApi.csproj", "{61E2B3F6-D80E-49E6-A574-B398C316B390}"
EndProject
Project("{2150E333-8FDC-42A3-9474-1A3956D46DE8}") = "App", "App", "{68ED917D-8430-4903-9658-37BCDC55795E}"
EndProject
Project("{FAE04EC0-301F-11D3-BF4B-00C04F79EFBC}") = "CoffeeExperience.App", "CoffeeExperience.App\CoffeeExperience.App\CoffeeExperience.App.csproj", "{A0F8502E-8A27-4975-869B-66135AFE1FCD}"
EndProject
Project("{FAE04EC0-301F-11D3-BF4B-00C04F79EFBC}") = "CoffeeExperience.App.Droid", "CoffeeExperience.App\CoffeeExperience.App.Droid\CoffeeExperience.App.Droid.csproj", "{F48364B4-166E-437C-B615-87F0F8C57B95}"
EndProject
Project("{FAE04EC0-301F-11D3-BF4B-00C04F79EFBC}") = "CoffeeExperience.App.iOS", "CoffeeExperience.App\CoffeeExperience.App.iOS\CoffeeExperience.App.iOS.csproj", "{BE6737E5-0DF3-4635-BA90-F61BFCD76D95}"
EndProject
Project("{FAE04EC0-301F-11D3-BF4B-00C04F79EFBC}") = "CoffeExperience.Domain.Portable", "CoffeExperience.Domain.Portable\CoffeExperience.Domain.Portable.csproj", "{EB965689-A569-4758-A5A6-E21414429416}"
EndProject
Global
	GlobalSection(SolutionConfigurationPlatforms) = preSolution
		Ad-Hoc|Any CPU = Ad-Hoc|Any CPU
		Ad-Hoc|ARM = Ad-Hoc|ARM
		Ad-Hoc|iPhone = Ad-Hoc|iPhone
		Ad-Hoc|iPhoneSimulator = Ad-Hoc|iPhoneSimulator
		Ad-Hoc|x64 = Ad-Hoc|x64
		Ad-Hoc|x86 = Ad-Hoc|x86
		AppStore|Any CPU = AppStore|Any CPU
		AppStore|ARM = AppStore|ARM
		AppStore|iPhone = AppStore|iPhone
		AppStore|iPhoneSimulator = AppStore|iPhoneSimulator
		AppStore|x64 = AppStore|x64
		AppStore|x86 = AppStore|x86
		Debug|Any CPU = Debug|Any CPU
		Debug|ARM = Debug|ARM
		Debug|iPhone = Debug|iPhone
		Debug|iPhoneSimulator = Debug|iPhoneSimulator
		Debug|x64 = Debug|x64
		Debug|x86 = Debug|x86
		Release|Any CPU = Release|Any CPU
		Release|ARM = Release|ARM
		Release|iPhone = Release|iPhone
		Release|iPhoneSimulator = Release|iPhoneSimulator
		Release|x64 = Release|x64
		Release|x86 = Release|x86
	EndGlobalSection
	GlobalSection(ProjectConfigurationPlatforms) = postSolution
		{65CDE882-CC95-48A9-B7F9-324AB1BD470C}.Ad-Hoc|Any CPU.ActiveCfg = Release|Any CPU
		{65CDE882-CC95-48A9-B7F9-324AB1BD470C}.Ad-Hoc|Any CPU.Build.0 = Release|Any CPU
		{65CDE882-CC95-48A9-B7F9-324AB1BD470C}.Ad-Hoc|ARM.ActiveCfg = Release|Any CPU
		{65CDE882-CC95-48A9-B7F9-324AB1BD470C}.Ad-Hoc|ARM.Build.0 = Release|Any CPU
		{65CDE882-CC95-48A9-B7F9-324AB1BD470C}.Ad-Hoc|iPhone.ActiveCfg = Release|Any CPU
		{65CDE882-CC95-48A9-B7F9-324AB1BD470C}.Ad-Hoc|iPhone.Build.0 = Release|Any CPU
		{65CDE882-CC95-48A9-B7F9-324AB1BD470C}.Ad-Hoc|iPhoneSimulator.ActiveCfg = Release|Any CPU
		{65CDE882-CC95-48A9-B7F9-324AB1BD470C}.Ad-Hoc|iPhoneSimulator.Build.0 = Release|Any CPU
		{65CDE882-CC95-48A9-B7F9-324AB1BD470C}.Ad-Hoc|x64.ActiveCfg = Release|Any CPU
		{65CDE882-CC95-48A9-B7F9-324AB1BD470C}.Ad-Hoc|x64.Build.0 = Release|Any CPU
		{65CDE882-CC95-48A9-B7F9-324AB1BD470C}.Ad-Hoc|x86.ActiveCfg = Release|Any CPU
		{65CDE882-CC95-48A9-B7F9-324AB1BD470C}.Ad-Hoc|x86.Build.0 = Release|Any CPU
		{65CDE882-CC95-48A9-B7F9-324AB1BD470C}.AppStore|Any CPU.ActiveCfg = Release|Any CPU
		{65CDE882-CC95-48A9-B7F9-324AB1BD470C}.AppStore|Any CPU.Build.0 = Release|Any CPU
		{65CDE882-CC95-48A9-B7F9-324AB1BD470C}.AppStore|ARM.ActiveCfg = Release|Any CPU
		{65CDE882-CC95-48A9-B7F9-324AB1BD470C}.AppStore|ARM.Build.0 = Release|Any CPU
		{65CDE882-CC95-48A9-B7F9-324AB1BD470C}.AppStore|iPhone.ActiveCfg = Release|Any CPU
		{65CDE882-CC95-48A9-B7F9-324AB1BD470C}.AppStore|iPhone.Build.0 = Release|Any CPU
		{65CDE882-CC95-48A9-B7F9-324AB1BD470C}.AppStore|iPhoneSimulator.ActiveCfg = Release|Any CPU
		{65CDE882-CC95-48A9-B7F9-324AB1BD470C}.AppStore|iPhoneSimulator.Build.0 = Release|Any CPU
		{65CDE882-CC95-48A9-B7F9-324AB1BD470C}.AppStore|x64.ActiveCfg = Release|Any CPU
		{65CDE882-CC95-48A9-B7F9-324AB1BD470C}.AppStore|x64.Build.0 = Release|Any CPU
		{65CDE882-CC95-48A9-B7F9-324AB1BD470C}.AppStore|x86.ActiveCfg = Release|Any CPU
		{65CDE882-CC95-48A9-B7F9-324AB1BD470C}.AppStore|x86.Build.0 = Release|Any CPU
		{65CDE882-CC95-48A9-B7F9-324AB1BD470C}.Debug|Any CPU.ActiveCfg = Debug|Any CPU
		{65CDE882-CC95-48A9-B7F9-324AB1BD470C}.Debug|Any CPU.Build.0 = Debug|Any CPU
		{65CDE882-CC95-48A9-B7F9-324AB1BD470C}.Debug|ARM.ActiveCfg = Debug|Any CPU
		{65CDE882-CC95-48A9-B7F9-324AB1BD470C}.Debug|ARM.Build.0 = Debug|Any CPU
		{65CDE882-CC95-48A9-B7F9-324AB1BD470C}.Debug|iPhone.ActiveCfg = Debug|Any CPU
		{65CDE882-CC95-48A9-B7F9-324AB1BD470C}.Debug|iPhone.Build.0 = Debug|Any CPU
		{65CDE882-CC95-48A9-B7F9-324AB1BD470C}.Debug|iPhoneSimulator.ActiveCfg = Debug|Any CPU
		{65CDE882-CC95-48A9-B7F9-324AB1BD470C}.Debug|iPhoneSimulator.Build.0 = Debug|Any CPU
		{65CDE882-CC95-48A9-B7F9-324AB1BD470C}.Debug|x64.ActiveCfg = Debug|Any CPU
		{65CDE882-CC95-48A9-B7F9-324AB1BD470C}.Debug|x64.Build.0 = Debug|Any CPU
		{65CDE882-CC95-48A9-B7F9-324AB1BD470C}.Debug|x86.ActiveCfg = Debug|Any CPU
		{65CDE882-CC95-48A9-B7F9-324AB1BD470C}.Debug|x86.Build.0 = Debug|Any CPU
		{65CDE882-CC95-48A9-B7F9-324AB1BD470C}.Release|Any CPU.ActiveCfg = Release|Any CPU
		{65CDE882-CC95-48A9-B7F9-324AB1BD470C}.Release|Any CPU.Build.0 = Release|Any CPU
		{65CDE882-CC95-48A9-B7F9-324AB1BD470C}.Release|ARM.ActiveCfg = Release|Any CPU
		{65CDE882-CC95-48A9-B7F9-324AB1BD470C}.Release|ARM.Build.0 = Release|Any CPU
		{65CDE882-CC95-48A9-B7F9-324AB1BD470C}.Release|iPhone.ActiveCfg = Release|Any CPU
		{65CDE882-CC95-48A9-B7F9-324AB1BD470C}.Release|iPhone.Build.0 = Release|Any CPU
		{65CDE882-CC95-48A9-B7F9-324AB1BD470C}.Release|iPhoneSimulator.ActiveCfg = Release|Any CPU
		{65CDE882-CC95-48A9-B7F9-324AB1BD470C}.Release|iPhoneSimulator.Build.0 = Release|Any CPU
		{65CDE882-CC95-48A9-B7F9-324AB1BD470C}.Release|x64.ActiveCfg = Release|Any CPU
		{65CDE882-CC95-48A9-B7F9-324AB1BD470C}.Release|x64.Build.0 = Release|Any CPU
		{65CDE882-CC95-48A9-B7F9-324AB1BD470C}.Release|x86.ActiveCfg = Release|Any CPU
		{65CDE882-CC95-48A9-B7F9-324AB1BD470C}.Release|x86.Build.0 = Release|Any CPU
		{6E6C966C-C7CA-48BB-965C-047A4721FBC0}.Ad-Hoc|Any CPU.ActiveCfg = Release|Any CPU
		{6E6C966C-C7CA-48BB-965C-047A4721FBC0}.Ad-Hoc|Any CPU.Build.0 = Release|Any CPU
		{6E6C966C-C7CA-48BB-965C-047A4721FBC0}.Ad-Hoc|ARM.ActiveCfg = Release|Any CPU
		{6E6C966C-C7CA-48BB-965C-047A4721FBC0}.Ad-Hoc|ARM.Build.0 = Release|Any CPU
		{6E6C966C-C7CA-48BB-965C-047A4721FBC0}.Ad-Hoc|iPhone.ActiveCfg = Release|Any CPU
		{6E6C966C-C7CA-48BB-965C-047A4721FBC0}.Ad-Hoc|iPhone.Build.0 = Release|Any CPU
		{6E6C966C-C7CA-48BB-965C-047A4721FBC0}.Ad-Hoc|iPhoneSimulator.ActiveCfg = Release|Any CPU
		{6E6C966C-C7CA-48BB-965C-047A4721FBC0}.Ad-Hoc|iPhoneSimulator.Build.0 = Release|Any CPU
		{6E6C966C-C7CA-48BB-965C-047A4721FBC0}.Ad-Hoc|x64.ActiveCfg = Release|Any CPU
		{6E6C966C-C7CA-48BB-965C-047A4721FBC0}.Ad-Hoc|x64.Build.0 = Release|Any CPU
		{6E6C966C-C7CA-48BB-965C-047A4721FBC0}.Ad-Hoc|x86.ActiveCfg = Release|Any CPU
		{6E6C966C-C7CA-48BB-965C-047A4721FBC0}.Ad-Hoc|x86.Build.0 = Release|Any CPU
		{6E6C966C-C7CA-48BB-965C-047A4721FBC0}.AppStore|Any CPU.ActiveCfg = Release|Any CPU
		{6E6C966C-C7CA-48BB-965C-047A4721FBC0}.AppStore|Any CPU.Build.0 = Release|Any CPU
		{6E6C966C-C7CA-48BB-965C-047A4721FBC0}.AppStore|ARM.ActiveCfg = Release|Any CPU
		{6E6C966C-C7CA-48BB-965C-047A4721FBC0}.AppStore|ARM.Build.0 = Release|Any CPU
		{6E6C966C-C7CA-48BB-965C-047A4721FBC0}.AppStore|iPhone.ActiveCfg = Release|Any CPU
		{6E6C966C-C7CA-48BB-965C-047A4721FBC0}.AppStore|iPhone.Build.0 = Release|Any CPU
		{6E6C966C-C7CA-48BB-965C-047A4721FBC0}.AppStore|iPhoneSimulator.ActiveCfg = Release|Any CPU
		{6E6C966C-C7CA-48BB-965C-047A4721FBC0}.AppStore|iPhoneSimulator.Build.0 = Release|Any CPU
		{6E6C966C-C7CA-48BB-965C-047A4721FBC0}.AppStore|x64.ActiveCfg = Release|Any CPU
		{6E6C966C-C7CA-48BB-965C-047A4721FBC0}.AppStore|x64.Build.0 = Release|Any CPU
		{6E6C966C-C7CA-48BB-965C-047A4721FBC0}.AppStore|x86.ActiveCfg = Release|Any CPU
		{6E6C966C-C7CA-48BB-965C-047A4721FBC0}.AppStore|x86.Build.0 = Release|Any CPU
		{6E6C966C-C7CA-48BB-965C-047A4721FBC0}.Debug|Any CPU.ActiveCfg = Debug|Any CPU
		{6E6C966C-C7CA-48BB-965C-047A4721FBC0}.Debug|Any CPU.Build.0 = Debug|Any CPU
		{6E6C966C-C7CA-48BB-965C-047A4721FBC0}.Debug|ARM.ActiveCfg = Debug|Any CPU
		{6E6C966C-C7CA-48BB-965C-047A4721FBC0}.Debug|ARM.Build.0 = Debug|Any CPU
		{6E6C966C-C7CA-48BB-965C-047A4721FBC0}.Debug|iPhone.ActiveCfg = Debug|Any CPU
		{6E6C966C-C7CA-48BB-965C-047A4721FBC0}.Debug|iPhone.Build.0 = Debug|Any CPU
		{6E6C966C-C7CA-48BB-965C-047A4721FBC0}.Debug|iPhoneSimulator.ActiveCfg = Debug|Any CPU
		{6E6C966C-C7CA-48BB-965C-047A4721FBC0}.Debug|iPhoneSimulator.Build.0 = Debug|Any CPU
		{6E6C966C-C7CA-48BB-965C-047A4721FBC0}.Debug|x64.ActiveCfg = Debug|Any CPU
		{6E6C966C-C7CA-48BB-965C-047A4721FBC0}.Debug|x64.Build.0 = Debug|Any CPU
		{6E6C966C-C7CA-48BB-965C-047A4721FBC0}.Debug|x86.ActiveCfg = Debug|Any CPU
		{6E6C966C-C7CA-48BB-965C-047A4721FBC0}.Debug|x86.Build.0 = Debug|Any CPU
		{6E6C966C-C7CA-48BB-965C-047A4721FBC0}.Release|Any CPU.ActiveCfg = Release|Any CPU
		{6E6C966C-C7CA-48BB-965C-047A4721FBC0}.Release|Any CPU.Build.0 = Release|Any CPU
		{6E6C966C-C7CA-48BB-965C-047A4721FBC0}.Release|ARM.ActiveCfg = Release|Any CPU
		{6E6C966C-C7CA-48BB-965C-047A4721FBC0}.Release|ARM.Build.0 = Release|Any CPU
		{6E6C966C-C7CA-48BB-965C-047A4721FBC0}.Release|iPhone.ActiveCfg = Release|Any CPU
		{6E6C966C-C7CA-48BB-965C-047A4721FBC0}.Release|iPhone.Build.0 = Release|Any CPU
		{6E6C966C-C7CA-48BB-965C-047A4721FBC0}.Release|iPhoneSimulator.ActiveCfg = Release|Any CPU
		{6E6C966C-C7CA-48BB-965C-047A4721FBC0}.Release|iPhoneSimulator.Build.0 = Release|Any CPU
		{6E6C966C-C7CA-48BB-965C-047A4721FBC0}.Release|x64.ActiveCfg = Release|Any CPU
		{6E6C966C-C7CA-48BB-965C-047A4721FBC0}.Release|x64.Build.0 = Release|Any CPU
		{6E6C966C-C7CA-48BB-965C-047A4721FBC0}.Release|x86.ActiveCfg = Release|Any CPU
		{6E6C966C-C7CA-48BB-965C-047A4721FBC0}.Release|x86.Build.0 = Release|Any CPU
		{612184CB-CE0E-4196-9E5F-07A8FB309BB3}.Ad-Hoc|Any CPU.ActiveCfg = Release|Any CPU
		{612184CB-CE0E-4196-9E5F-07A8FB309BB3}.Ad-Hoc|Any CPU.Build.0 = Release|Any CPU
		{612184CB-CE0E-4196-9E5F-07A8FB309BB3}.Ad-Hoc|ARM.ActiveCfg = Release|Any CPU
		{612184CB-CE0E-4196-9E5F-07A8FB309BB3}.Ad-Hoc|ARM.Build.0 = Release|Any CPU
		{612184CB-CE0E-4196-9E5F-07A8FB309BB3}.Ad-Hoc|iPhone.ActiveCfg = Release|Any CPU
		{612184CB-CE0E-4196-9E5F-07A8FB309BB3}.Ad-Hoc|iPhone.Build.0 = Release|Any CPU
		{612184CB-CE0E-4196-9E5F-07A8FB309BB3}.Ad-Hoc|iPhoneSimulator.ActiveCfg = Release|Any CPU
		{612184CB-CE0E-4196-9E5F-07A8FB309BB3}.Ad-Hoc|iPhoneSimulator.Build.0 = Release|Any CPU
		{612184CB-CE0E-4196-9E5F-07A8FB309BB3}.Ad-Hoc|x64.ActiveCfg = Release|Any CPU
		{612184CB-CE0E-4196-9E5F-07A8FB309BB3}.Ad-Hoc|x64.Build.0 = Release|Any CPU
		{612184CB-CE0E-4196-9E5F-07A8FB309BB3}.Ad-Hoc|x86.ActiveCfg = Release|Any CPU
		{612184CB-CE0E-4196-9E5F-07A8FB309BB3}.Ad-Hoc|x86.Build.0 = Release|Any CPU
		{612184CB-CE0E-4196-9E5F-07A8FB309BB3}.AppStore|Any CPU.ActiveCfg = Release|Any CPU
		{612184CB-CE0E-4196-9E5F-07A8FB309BB3}.AppStore|Any CPU.Build.0 = Release|Any CPU
		{612184CB-CE0E-4196-9E5F-07A8FB309BB3}.AppStore|ARM.ActiveCfg = Release|Any CPU
		{612184CB-CE0E-4196-9E5F-07A8FB309BB3}.AppStore|ARM.Build.0 = Release|Any CPU
		{612184CB-CE0E-4196-9E5F-07A8FB309BB3}.AppStore|iPhone.ActiveCfg = Release|Any CPU
		{612184CB-CE0E-4196-9E5F-07A8FB309BB3}.AppStore|iPhone.Build.0 = Release|Any CPU
		{612184CB-CE0E-4196-9E5F-07A8FB309BB3}.AppStore|iPhoneSimulator.ActiveCfg = Release|Any CPU
		{612184CB-CE0E-4196-9E5F-07A8FB309BB3}.AppStore|iPhoneSimulator.Build.0 = Release|Any CPU
		{612184CB-CE0E-4196-9E5F-07A8FB309BB3}.AppStore|x64.ActiveCfg = Release|Any CPU
		{612184CB-CE0E-4196-9E5F-07A8FB309BB3}.AppStore|x64.Build.0 = Release|Any CPU
		{612184CB-CE0E-4196-9E5F-07A8FB309BB3}.AppStore|x86.ActiveCfg = Release|Any CPU
		{612184CB-CE0E-4196-9E5F-07A8FB309BB3}.AppStore|x86.Build.0 = Release|Any CPU
		{612184CB-CE0E-4196-9E5F-07A8FB309BB3}.Debug|Any CPU.ActiveCfg = Debug|Any CPU
		{612184CB-CE0E-4196-9E5F-07A8FB309BB3}.Debug|Any CPU.Build.0 = Debug|Any CPU
		{612184CB-CE0E-4196-9E5F-07A8FB309BB3}.Debug|ARM.ActiveCfg = Debug|Any CPU
		{612184CB-CE0E-4196-9E5F-07A8FB309BB3}.Debug|ARM.Build.0 = Debug|Any CPU
		{612184CB-CE0E-4196-9E5F-07A8FB309BB3}.Debug|iPhone.ActiveCfg = Debug|Any CPU
		{612184CB-CE0E-4196-9E5F-07A8FB309BB3}.Debug|iPhone.Build.0 = Debug|Any CPU
		{612184CB-CE0E-4196-9E5F-07A8FB309BB3}.Debug|iPhoneSimulator.ActiveCfg = Debug|Any CPU
		{612184CB-CE0E-4196-9E5F-07A8FB309BB3}.Debug|iPhoneSimulator.Build.0 = Debug|Any CPU
		{612184CB-CE0E-4196-9E5F-07A8FB309BB3}.Debug|x64.ActiveCfg = Debug|Any CPU
		{612184CB-CE0E-4196-9E5F-07A8FB309BB3}.Debug|x64.Build.0 = Debug|Any CPU
		{612184CB-CE0E-4196-9E5F-07A8FB309BB3}.Debug|x86.ActiveCfg = Debug|Any CPU
		{612184CB-CE0E-4196-9E5F-07A8FB309BB3}.Debug|x86.Build.0 = Debug|Any CPU
		{612184CB-CE0E-4196-9E5F-07A8FB309BB3}.Release|Any CPU.ActiveCfg = Release|Any CPU
		{612184CB-CE0E-4196-9E5F-07A8FB309BB3}.Release|Any CPU.Build.0 = Release|Any CPU
		{612184CB-CE0E-4196-9E5F-07A8FB309BB3}.Release|ARM.ActiveCfg = Release|Any CPU
		{612184CB-CE0E-4196-9E5F-07A8FB309BB3}.Release|ARM.Build.0 = Release|Any CPU
		{612184CB-CE0E-4196-9E5F-07A8FB309BB3}.Release|iPhone.ActiveCfg = Release|Any CPU
		{612184CB-CE0E-4196-9E5F-07A8FB309BB3}.Release|iPhone.Build.0 = Release|Any CPU
		{612184CB-CE0E-4196-9E5F-07A8FB309BB3}.Release|iPhoneSimulator.ActiveCfg = Release|Any CPU
		{612184CB-CE0E-4196-9E5F-07A8FB309BB3}.Release|iPhoneSimulator.Build.0 = Release|Any CPU
		{612184CB-CE0E-4196-9E5F-07A8FB309BB3}.Release|x64.ActiveCfg = Release|Any CPU
		{612184CB-CE0E-4196-9E5F-07A8FB309BB3}.Release|x64.Build.0 = Release|Any CPU
		{612184CB-CE0E-4196-9E5F-07A8FB309BB3}.Release|x86.ActiveCfg = Release|Any CPU
		{612184CB-CE0E-4196-9E5F-07A8FB309BB3}.Release|x86.Build.0 = Release|Any CPU
		{625D2EE8-424F-42D8-8745-0BC374026098}.Ad-Hoc|Any CPU.ActiveCfg = Release|Any CPU
		{625D2EE8-424F-42D8-8745-0BC374026098}.Ad-Hoc|Any CPU.Build.0 = Release|Any CPU
		{625D2EE8-424F-42D8-8745-0BC374026098}.Ad-Hoc|ARM.ActiveCfg = Release|Any CPU
		{625D2EE8-424F-42D8-8745-0BC374026098}.Ad-Hoc|ARM.Build.0 = Release|Any CPU
		{625D2EE8-424F-42D8-8745-0BC374026098}.Ad-Hoc|iPhone.ActiveCfg = Release|Any CPU
		{625D2EE8-424F-42D8-8745-0BC374026098}.Ad-Hoc|iPhone.Build.0 = Release|Any CPU
		{625D2EE8-424F-42D8-8745-0BC374026098}.Ad-Hoc|iPhoneSimulator.ActiveCfg = Release|Any CPU
		{625D2EE8-424F-42D8-8745-0BC374026098}.Ad-Hoc|iPhoneSimulator.Build.0 = Release|Any CPU
		{625D2EE8-424F-42D8-8745-0BC374026098}.Ad-Hoc|x64.ActiveCfg = Release|Any CPU
		{625D2EE8-424F-42D8-8745-0BC374026098}.Ad-Hoc|x64.Build.0 = Release|Any CPU
		{625D2EE8-424F-42D8-8745-0BC374026098}.Ad-Hoc|x86.ActiveCfg = Release|Any CPU
		{625D2EE8-424F-42D8-8745-0BC374026098}.Ad-Hoc|x86.Build.0 = Release|Any CPU
		{625D2EE8-424F-42D8-8745-0BC374026098}.AppStore|Any CPU.ActiveCfg = Release|Any CPU
		{625D2EE8-424F-42D8-8745-0BC374026098}.AppStore|Any CPU.Build.0 = Release|Any CPU
		{625D2EE8-424F-42D8-8745-0BC374026098}.AppStore|ARM.ActiveCfg = Release|Any CPU
		{625D2EE8-424F-42D8-8745-0BC374026098}.AppStore|ARM.Build.0 = Release|Any CPU
		{625D2EE8-424F-42D8-8745-0BC374026098}.AppStore|iPhone.ActiveCfg = Release|Any CPU
		{625D2EE8-424F-42D8-8745-0BC374026098}.AppStore|iPhone.Build.0 = Release|Any CPU
		{625D2EE8-424F-42D8-8745-0BC374026098}.AppStore|iPhoneSimulator.ActiveCfg = Release|Any CPU
		{625D2EE8-424F-42D8-8745-0BC374026098}.AppStore|iPhoneSimulator.Build.0 = Release|Any CPU
		{625D2EE8-424F-42D8-8745-0BC374026098}.AppStore|x64.ActiveCfg = Release|Any CPU
		{625D2EE8-424F-42D8-8745-0BC374026098}.AppStore|x64.Build.0 = Release|Any CPU
		{625D2EE8-424F-42D8-8745-0BC374026098}.AppStore|x86.ActiveCfg = Release|Any CPU
		{625D2EE8-424F-42D8-8745-0BC374026098}.AppStore|x86.Build.0 = Release|Any CPU
		{625D2EE8-424F-42D8-8745-0BC374026098}.Debug|Any CPU.ActiveCfg = Debug|Any CPU
		{625D2EE8-424F-42D8-8745-0BC374026098}.Debug|Any CPU.Build.0 = Debug|Any CPU
		{625D2EE8-424F-42D8-8745-0BC374026098}.Debug|ARM.ActiveCfg = Debug|Any CPU
		{625D2EE8-424F-42D8-8745-0BC374026098}.Debug|ARM.Build.0 = Debug|Any CPU
		{625D2EE8-424F-42D8-8745-0BC374026098}.Debug|iPhone.ActiveCfg = Debug|Any CPU
		{625D2EE8-424F-42D8-8745-0BC374026098}.Debug|iPhone.Build.0 = Debug|Any CPU
		{625D2EE8-424F-42D8-8745-0BC374026098}.Debug|iPhoneSimulator.ActiveCfg = Debug|Any CPU
		{625D2EE8-424F-42D8-8745-0BC374026098}.Debug|iPhoneSimulator.Build.0 = Debug|Any CPU
		{625D2EE8-424F-42D8-8745-0BC374026098}.Debug|x64.ActiveCfg = Debug|Any CPU
		{625D2EE8-424F-42D8-8745-0BC374026098}.Debug|x64.Build.0 = Debug|Any CPU
		{625D2EE8-424F-42D8-8745-0BC374026098}.Debug|x86.ActiveCfg = Debug|Any CPU
		{625D2EE8-424F-42D8-8745-0BC374026098}.Debug|x86.Build.0 = Debug|Any CPU
		{625D2EE8-424F-42D8-8745-0BC374026098}.Release|Any CPU.ActiveCfg = Release|Any CPU
		{625D2EE8-424F-42D8-8745-0BC374026098}.Release|Any CPU.Build.0 = Release|Any CPU
		{625D2EE8-424F-42D8-8745-0BC374026098}.Release|ARM.ActiveCfg = Release|Any CPU
		{625D2EE8-424F-42D8-8745-0BC374026098}.Release|ARM.Build.0 = Release|Any CPU
		{625D2EE8-424F-42D8-8745-0BC374026098}.Release|iPhone.ActiveCfg = Release|Any CPU
		{625D2EE8-424F-42D8-8745-0BC374026098}.Release|iPhone.Build.0 = Release|Any CPU
		{625D2EE8-424F-42D8-8745-0BC374026098}.Release|iPhoneSimulator.ActiveCfg = Release|Any CPU
		{625D2EE8-424F-42D8-8745-0BC374026098}.Release|iPhoneSimulator.Build.0 = Release|Any CPU
		{625D2EE8-424F-42D8-8745-0BC374026098}.Release|x64.ActiveCfg = Release|Any CPU
		{625D2EE8-424F-42D8-8745-0BC374026098}.Release|x64.Build.0 = Release|Any CPU
		{625D2EE8-424F-42D8-8745-0BC374026098}.Release|x86.ActiveCfg = Release|Any CPU
		{625D2EE8-424F-42D8-8745-0BC374026098}.Release|x86.Build.0 = Release|Any CPU
		{61E2B3F6-D80E-49E6-A574-B398C316B390}.Ad-Hoc|Any CPU.ActiveCfg = Release|Any CPU
		{61E2B3F6-D80E-49E6-A574-B398C316B390}.Ad-Hoc|Any CPU.Build.0 = Release|Any CPU
		{61E2B3F6-D80E-49E6-A574-B398C316B390}.Ad-Hoc|ARM.ActiveCfg = Release|Any CPU
		{61E2B3F6-D80E-49E6-A574-B398C316B390}.Ad-Hoc|ARM.Build.0 = Release|Any CPU
		{61E2B3F6-D80E-49E6-A574-B398C316B390}.Ad-Hoc|iPhone.ActiveCfg = Release|Any CPU
		{61E2B3F6-D80E-49E6-A574-B398C316B390}.Ad-Hoc|iPhone.Build.0 = Release|Any CPU
		{61E2B3F6-D80E-49E6-A574-B398C316B390}.Ad-Hoc|iPhoneSimulator.ActiveCfg = Release|Any CPU
		{61E2B3F6-D80E-49E6-A574-B398C316B390}.Ad-Hoc|iPhoneSimulator.Build.0 = Release|Any CPU
		{61E2B3F6-D80E-49E6-A574-B398C316B390}.Ad-Hoc|x64.ActiveCfg = Release|Any CPU
		{61E2B3F6-D80E-49E6-A574-B398C316B390}.Ad-Hoc|x64.Build.0 = Release|Any CPU
		{61E2B3F6-D80E-49E6-A574-B398C316B390}.Ad-Hoc|x86.ActiveCfg = Release|Any CPU
		{61E2B3F6-D80E-49E6-A574-B398C316B390}.Ad-Hoc|x86.Build.0 = Release|Any CPU
		{61E2B3F6-D80E-49E6-A574-B398C316B390}.AppStore|Any CPU.ActiveCfg = Release|Any CPU
		{61E2B3F6-D80E-49E6-A574-B398C316B390}.AppStore|Any CPU.Build.0 = Release|Any CPU
		{61E2B3F6-D80E-49E6-A574-B398C316B390}.AppStore|ARM.ActiveCfg = Release|Any CPU
		{61E2B3F6-D80E-49E6-A574-B398C316B390}.AppStore|ARM.Build.0 = Release|Any CPU
		{61E2B3F6-D80E-49E6-A574-B398C316B390}.AppStore|iPhone.ActiveCfg = Release|Any CPU
		{61E2B3F6-D80E-49E6-A574-B398C316B390}.AppStore|iPhone.Build.0 = Release|Any CPU
		{61E2B3F6-D80E-49E6-A574-B398C316B390}.AppStore|iPhoneSimulator.ActiveCfg = Release|Any CPU
		{61E2B3F6-D80E-49E6-A574-B398C316B390}.AppStore|iPhoneSimulator.Build.0 = Release|Any CPU
		{61E2B3F6-D80E-49E6-A574-B398C316B390}.AppStore|x64.ActiveCfg = Release|Any CPU
		{61E2B3F6-D80E-49E6-A574-B398C316B390}.AppStore|x64.Build.0 = Release|Any CPU
		{61E2B3F6-D80E-49E6-A574-B398C316B390}.AppStore|x86.ActiveCfg = Release|Any CPU
		{61E2B3F6-D80E-49E6-A574-B398C316B390}.AppStore|x86.Build.0 = Release|Any CPU
		{61E2B3F6-D80E-49E6-A574-B398C316B390}.Debug|Any CPU.ActiveCfg = Debug|Any CPU
		{61E2B3F6-D80E-49E6-A574-B398C316B390}.Debug|Any CPU.Build.0 = Debug|Any CPU
		{61E2B3F6-D80E-49E6-A574-B398C316B390}.Debug|ARM.ActiveCfg = Debug|Any CPU
		{61E2B3F6-D80E-49E6-A574-B398C316B390}.Debug|ARM.Build.0 = Debug|Any CPU
		{61E2B3F6-D80E-49E6-A574-B398C316B390}.Debug|iPhone.ActiveCfg = Debug|Any CPU
		{61E2B3F6-D80E-49E6-A574-B398C316B390}.Debug|iPhone.Build.0 = Debug|Any CPU
		{61E2B3F6-D80E-49E6-A574-B398C316B390}.Debug|iPhoneSimulator.ActiveCfg = Debug|Any CPU
		{61E2B3F6-D80E-49E6-A574-B398C316B390}.Debug|iPhoneSimulator.Build.0 = Debug|Any CPU
		{61E2B3F6-D80E-49E6-A574-B398C316B390}.Debug|x64.ActiveCfg = Debug|Any CPU
		{61E2B3F6-D80E-49E6-A574-B398C316B390}.Debug|x64.Build.0 = Debug|Any CPU
		{61E2B3F6-D80E-49E6-A574-B398C316B390}.Debug|x86.ActiveCfg = Debug|Any CPU
		{61E2B3F6-D80E-49E6-A574-B398C316B390}.Debug|x86.Build.0 = Debug|Any CPU
		{61E2B3F6-D80E-49E6-A574-B398C316B390}.Release|Any CPU.ActiveCfg = Release|Any CPU
		{61E2B3F6-D80E-49E6-A574-B398C316B390}.Release|Any CPU.Build.0 = Release|Any CPU
		{61E2B3F6-D80E-49E6-A574-B398C316B390}.Release|ARM.ActiveCfg = Release|Any CPU
		{61E2B3F6-D80E-49E6-A574-B398C316B390}.Release|ARM.Build.0 = Release|Any CPU
		{61E2B3F6-D80E-49E6-A574-B398C316B390}.Release|iPhone.ActiveCfg = Release|Any CPU
		{61E2B3F6-D80E-49E6-A574-B398C316B390}.Release|iPhone.Build.0 = Release|Any CPU
		{61E2B3F6-D80E-49E6-A574-B398C316B390}.Release|iPhoneSimulator.ActiveCfg = Release|Any CPU
		{61E2B3F6-D80E-49E6-A574-B398C316B390}.Release|iPhoneSimulator.Build.0 = Release|Any CPU
		{61E2B3F6-D80E-49E6-A574-B398C316B390}.Release|x64.ActiveCfg = Release|Any CPU
		{61E2B3F6-D80E-49E6-A574-B398C316B390}.Release|x64.Build.0 = Release|Any CPU
		{61E2B3F6-D80E-49E6-A574-B398C316B390}.Release|x86.ActiveCfg = Release|Any CPU
		{61E2B3F6-D80E-49E6-A574-B398C316B390}.Release|x86.Build.0 = Release|Any CPU
		{A0F8502E-8A27-4975-869B-66135AFE1FCD}.Ad-Hoc|Any CPU.ActiveCfg = Release|Any CPU
		{A0F8502E-8A27-4975-869B-66135AFE1FCD}.Ad-Hoc|Any CPU.Build.0 = Release|Any CPU
		{A0F8502E-8A27-4975-869B-66135AFE1FCD}.Ad-Hoc|ARM.ActiveCfg = Release|Any CPU
		{A0F8502E-8A27-4975-869B-66135AFE1FCD}.Ad-Hoc|ARM.Build.0 = Release|Any CPU
		{A0F8502E-8A27-4975-869B-66135AFE1FCD}.Ad-Hoc|iPhone.ActiveCfg = Release|Any CPU
		{A0F8502E-8A27-4975-869B-66135AFE1FCD}.Ad-Hoc|iPhone.Build.0 = Release|Any CPU
		{A0F8502E-8A27-4975-869B-66135AFE1FCD}.Ad-Hoc|iPhoneSimulator.ActiveCfg = Release|Any CPU
		{A0F8502E-8A27-4975-869B-66135AFE1FCD}.Ad-Hoc|iPhoneSimulator.Build.0 = Release|Any CPU
		{A0F8502E-8A27-4975-869B-66135AFE1FCD}.Ad-Hoc|x64.ActiveCfg = Release|Any CPU
		{A0F8502E-8A27-4975-869B-66135AFE1FCD}.Ad-Hoc|x64.Build.0 = Release|Any CPU
		{A0F8502E-8A27-4975-869B-66135AFE1FCD}.Ad-Hoc|x86.ActiveCfg = Release|Any CPU
		{A0F8502E-8A27-4975-869B-66135AFE1FCD}.Ad-Hoc|x86.Build.0 = Release|Any CPU
		{A0F8502E-8A27-4975-869B-66135AFE1FCD}.AppStore|Any CPU.ActiveCfg = Release|Any CPU
		{A0F8502E-8A27-4975-869B-66135AFE1FCD}.AppStore|Any CPU.Build.0 = Release|Any CPU
		{A0F8502E-8A27-4975-869B-66135AFE1FCD}.AppStore|ARM.ActiveCfg = Release|Any CPU
		{A0F8502E-8A27-4975-869B-66135AFE1FCD}.AppStore|ARM.Build.0 = Release|Any CPU
		{A0F8502E-8A27-4975-869B-66135AFE1FCD}.AppStore|iPhone.ActiveCfg = Release|Any CPU
		{A0F8502E-8A27-4975-869B-66135AFE1FCD}.AppStore|iPhone.Build.0 = Release|Any CPU
		{A0F8502E-8A27-4975-869B-66135AFE1FCD}.AppStore|iPhoneSimulator.ActiveCfg = Release|Any CPU
		{A0F8502E-8A27-4975-869B-66135AFE1FCD}.AppStore|iPhoneSimulator.Build.0 = Release|Any CPU
		{A0F8502E-8A27-4975-869B-66135AFE1FCD}.AppStore|x64.ActiveCfg = Release|Any CPU
		{A0F8502E-8A27-4975-869B-66135AFE1FCD}.AppStore|x64.Build.0 = Release|Any CPU
		{A0F8502E-8A27-4975-869B-66135AFE1FCD}.AppStore|x86.ActiveCfg = Release|Any CPU
		{A0F8502E-8A27-4975-869B-66135AFE1FCD}.AppStore|x86.Build.0 = Release|Any CPU
		{A0F8502E-8A27-4975-869B-66135AFE1FCD}.Debug|Any CPU.ActiveCfg = Debug|Any CPU
		{A0F8502E-8A27-4975-869B-66135AFE1FCD}.Debug|Any CPU.Build.0 = Debug|Any CPU
		{A0F8502E-8A27-4975-869B-66135AFE1FCD}.Debug|ARM.ActiveCfg = Debug|Any CPU
		{A0F8502E-8A27-4975-869B-66135AFE1FCD}.Debug|ARM.Build.0 = Debug|Any CPU
		{A0F8502E-8A27-4975-869B-66135AFE1FCD}.Debug|iPhone.ActiveCfg = Debug|Any CPU
		{A0F8502E-8A27-4975-869B-66135AFE1FCD}.Debug|iPhone.Build.0 = Debug|Any CPU
		{A0F8502E-8A27-4975-869B-66135AFE1FCD}.Debug|iPhoneSimulator.ActiveCfg = Debug|Any CPU
		{A0F8502E-8A27-4975-869B-66135AFE1FCD}.Debug|iPhoneSimulator.Build.0 = Debug|Any CPU
		{A0F8502E-8A27-4975-869B-66135AFE1FCD}.Debug|x64.ActiveCfg = Debug|Any CPU
		{A0F8502E-8A27-4975-869B-66135AFE1FCD}.Debug|x64.Build.0 = Debug|Any CPU
		{A0F8502E-8A27-4975-869B-66135AFE1FCD}.Debug|x86.ActiveCfg = Debug|Any CPU
		{A0F8502E-8A27-4975-869B-66135AFE1FCD}.Debug|x86.Build.0 = Debug|Any CPU
		{A0F8502E-8A27-4975-869B-66135AFE1FCD}.Release|Any CPU.ActiveCfg = Release|Any CPU
		{A0F8502E-8A27-4975-869B-66135AFE1FCD}.Release|Any CPU.Build.0 = Release|Any CPU
		{A0F8502E-8A27-4975-869B-66135AFE1FCD}.Release|ARM.ActiveCfg = Release|Any CPU
		{A0F8502E-8A27-4975-869B-66135AFE1FCD}.Release|ARM.Build.0 = Release|Any CPU
		{A0F8502E-8A27-4975-869B-66135AFE1FCD}.Release|iPhone.ActiveCfg = Release|Any CPU
		{A0F8502E-8A27-4975-869B-66135AFE1FCD}.Release|iPhone.Build.0 = Release|Any CPU
		{A0F8502E-8A27-4975-869B-66135AFE1FCD}.Release|iPhoneSimulator.ActiveCfg = Release|Any CPU
		{A0F8502E-8A27-4975-869B-66135AFE1FCD}.Release|iPhoneSimulator.Build.0 = Release|Any CPU
		{A0F8502E-8A27-4975-869B-66135AFE1FCD}.Release|x64.ActiveCfg = Release|Any CPU
		{A0F8502E-8A27-4975-869B-66135AFE1FCD}.Release|x64.Build.0 = Release|Any CPU
		{A0F8502E-8A27-4975-869B-66135AFE1FCD}.Release|x86.ActiveCfg = Release|Any CPU
		{A0F8502E-8A27-4975-869B-66135AFE1FCD}.Release|x86.Build.0 = Release|Any CPU
		{F48364B4-166E-437C-B615-87F0F8C57B95}.Ad-Hoc|Any CPU.ActiveCfg = Release|Any CPU
		{F48364B4-166E-437C-B615-87F0F8C57B95}.Ad-Hoc|Any CPU.Build.0 = Release|Any CPU
		{F48364B4-166E-437C-B615-87F0F8C57B95}.Ad-Hoc|Any CPU.Deploy.0 = Release|Any CPU
		{F48364B4-166E-437C-B615-87F0F8C57B95}.Ad-Hoc|ARM.ActiveCfg = Release|Any CPU
		{F48364B4-166E-437C-B615-87F0F8C57B95}.Ad-Hoc|ARM.Build.0 = Release|Any CPU
		{F48364B4-166E-437C-B615-87F0F8C57B95}.Ad-Hoc|ARM.Deploy.0 = Release|Any CPU
		{F48364B4-166E-437C-B615-87F0F8C57B95}.Ad-Hoc|iPhone.ActiveCfg = Release|Any CPU
		{F48364B4-166E-437C-B615-87F0F8C57B95}.Ad-Hoc|iPhone.Build.0 = Release|Any CPU
		{F48364B4-166E-437C-B615-87F0F8C57B95}.Ad-Hoc|iPhone.Deploy.0 = Release|Any CPU
		{F48364B4-166E-437C-B615-87F0F8C57B95}.Ad-Hoc|iPhoneSimulator.ActiveCfg = Release|Any CPU
		{F48364B4-166E-437C-B615-87F0F8C57B95}.Ad-Hoc|iPhoneSimulator.Build.0 = Release|Any CPU
		{F48364B4-166E-437C-B615-87F0F8C57B95}.Ad-Hoc|iPhoneSimulator.Deploy.0 = Release|Any CPU
		{F48364B4-166E-437C-B615-87F0F8C57B95}.Ad-Hoc|x64.ActiveCfg = Release|Any CPU
		{F48364B4-166E-437C-B615-87F0F8C57B95}.Ad-Hoc|x64.Build.0 = Release|Any CPU
		{F48364B4-166E-437C-B615-87F0F8C57B95}.Ad-Hoc|x64.Deploy.0 = Release|Any CPU
		{F48364B4-166E-437C-B615-87F0F8C57B95}.Ad-Hoc|x86.ActiveCfg = Release|Any CPU
		{F48364B4-166E-437C-B615-87F0F8C57B95}.Ad-Hoc|x86.Build.0 = Release|Any CPU
		{F48364B4-166E-437C-B615-87F0F8C57B95}.Ad-Hoc|x86.Deploy.0 = Release|Any CPU
		{F48364B4-166E-437C-B615-87F0F8C57B95}.AppStore|Any CPU.ActiveCfg = Release|Any CPU
		{F48364B4-166E-437C-B615-87F0F8C57B95}.AppStore|Any CPU.Build.0 = Release|Any CPU
		{F48364B4-166E-437C-B615-87F0F8C57B95}.AppStore|Any CPU.Deploy.0 = Release|Any CPU
		{F48364B4-166E-437C-B615-87F0F8C57B95}.AppStore|ARM.ActiveCfg = Release|Any CPU
		{F48364B4-166E-437C-B615-87F0F8C57B95}.AppStore|ARM.Build.0 = Release|Any CPU
		{F48364B4-166E-437C-B615-87F0F8C57B95}.AppStore|ARM.Deploy.0 = Release|Any CPU
		{F48364B4-166E-437C-B615-87F0F8C57B95}.AppStore|iPhone.ActiveCfg = Release|Any CPU
		{F48364B4-166E-437C-B615-87F0F8C57B95}.AppStore|iPhone.Build.0 = Release|Any CPU
		{F48364B4-166E-437C-B615-87F0F8C57B95}.AppStore|iPhone.Deploy.0 = Release|Any CPU
		{F48364B4-166E-437C-B615-87F0F8C57B95}.AppStore|iPhoneSimulator.ActiveCfg = Release|Any CPU
		{F48364B4-166E-437C-B615-87F0F8C57B95}.AppStore|iPhoneSimulator.Build.0 = Release|Any CPU
		{F48364B4-166E-437C-B615-87F0F8C57B95}.AppStore|iPhoneSimulator.Deploy.0 = Release|Any CPU
		{F48364B4-166E-437C-B615-87F0F8C57B95}.AppStore|x64.ActiveCfg = Release|Any CPU
		{F48364B4-166E-437C-B615-87F0F8C57B95}.AppStore|x64.Build.0 = Release|Any CPU
		{F48364B4-166E-437C-B615-87F0F8C57B95}.AppStore|x64.Deploy.0 = Release|Any CPU
		{F48364B4-166E-437C-B615-87F0F8C57B95}.AppStore|x86.ActiveCfg = Release|Any CPU
		{F48364B4-166E-437C-B615-87F0F8C57B95}.AppStore|x86.Build.0 = Release|Any CPU
		{F48364B4-166E-437C-B615-87F0F8C57B95}.AppStore|x86.Deploy.0 = Release|Any CPU
		{F48364B4-166E-437C-B615-87F0F8C57B95}.Debug|Any CPU.ActiveCfg = Debug|Any CPU
		{F48364B4-166E-437C-B615-87F0F8C57B95}.Debug|Any CPU.Build.0 = Debug|Any CPU
		{F48364B4-166E-437C-B615-87F0F8C57B95}.Debug|Any CPU.Deploy.0 = Debug|Any CPU
		{F48364B4-166E-437C-B615-87F0F8C57B95}.Debug|ARM.ActiveCfg = Debug|Any CPU
		{F48364B4-166E-437C-B615-87F0F8C57B95}.Debug|ARM.Build.0 = Debug|Any CPU
		{F48364B4-166E-437C-B615-87F0F8C57B95}.Debug|ARM.Deploy.0 = Debug|Any CPU
		{F48364B4-166E-437C-B615-87F0F8C57B95}.Debug|iPhone.ActiveCfg = Debug|Any CPU
		{F48364B4-166E-437C-B615-87F0F8C57B95}.Debug|iPhone.Build.0 = Debug|Any CPU
		{F48364B4-166E-437C-B615-87F0F8C57B95}.Debug|iPhone.Deploy.0 = Debug|Any CPU
		{F48364B4-166E-437C-B615-87F0F8C57B95}.Debug|iPhoneSimulator.ActiveCfg = Debug|Any CPU
		{F48364B4-166E-437C-B615-87F0F8C57B95}.Debug|iPhoneSimulator.Build.0 = Debug|Any CPU
		{F48364B4-166E-437C-B615-87F0F8C57B95}.Debug|iPhoneSimulator.Deploy.0 = Debug|Any CPU
		{F48364B4-166E-437C-B615-87F0F8C57B95}.Debug|x64.ActiveCfg = Debug|Any CPU
		{F48364B4-166E-437C-B615-87F0F8C57B95}.Debug|x64.Build.0 = Debug|Any CPU
		{F48364B4-166E-437C-B615-87F0F8C57B95}.Debug|x64.Deploy.0 = Debug|Any CPU
		{F48364B4-166E-437C-B615-87F0F8C57B95}.Debug|x86.ActiveCfg = Debug|Any CPU
		{F48364B4-166E-437C-B615-87F0F8C57B95}.Debug|x86.Build.0 = Debug|Any CPU
		{F48364B4-166E-437C-B615-87F0F8C57B95}.Debug|x86.Deploy.0 = Debug|Any CPU
		{F48364B4-166E-437C-B615-87F0F8C57B95}.Release|Any CPU.ActiveCfg = Release|Any CPU
		{F48364B4-166E-437C-B615-87F0F8C57B95}.Release|Any CPU.Build.0 = Release|Any CPU
		{F48364B4-166E-437C-B615-87F0F8C57B95}.Release|Any CPU.Deploy.0 = Release|Any CPU
		{F48364B4-166E-437C-B615-87F0F8C57B95}.Release|ARM.ActiveCfg = Release|Any CPU
		{F48364B4-166E-437C-B615-87F0F8C57B95}.Release|ARM.Build.0 = Release|Any CPU
		{F48364B4-166E-437C-B615-87F0F8C57B95}.Release|ARM.Deploy.0 = Release|Any CPU
		{F48364B4-166E-437C-B615-87F0F8C57B95}.Release|iPhone.ActiveCfg = Release|Any CPU
		{F48364B4-166E-437C-B615-87F0F8C57B95}.Release|iPhone.Build.0 = Release|Any CPU
		{F48364B4-166E-437C-B615-87F0F8C57B95}.Release|iPhone.Deploy.0 = Release|Any CPU
		{F48364B4-166E-437C-B615-87F0F8C57B95}.Release|iPhoneSimulator.ActiveCfg = Release|Any CPU
		{F48364B4-166E-437C-B615-87F0F8C57B95}.Release|iPhoneSimulator.Build.0 = Release|Any CPU
		{F48364B4-166E-437C-B615-87F0F8C57B95}.Release|iPhoneSimulator.Deploy.0 = Release|Any CPU
		{F48364B4-166E-437C-B615-87F0F8C57B95}.Release|x64.ActiveCfg = Release|Any CPU
		{F48364B4-166E-437C-B615-87F0F8C57B95}.Release|x64.Build.0 = Release|Any CPU
		{F48364B4-166E-437C-B615-87F0F8C57B95}.Release|x64.Deploy.0 = Release|Any CPU
		{F48364B4-166E-437C-B615-87F0F8C57B95}.Release|x86.ActiveCfg = Release|Any CPU
		{F48364B4-166E-437C-B615-87F0F8C57B95}.Release|x86.Build.0 = Release|Any CPU
		{F48364B4-166E-437C-B615-87F0F8C57B95}.Release|x86.Deploy.0 = Release|Any CPU
		{BE6737E5-0DF3-4635-BA90-F61BFCD76D95}.Ad-Hoc|Any CPU.ActiveCfg = Ad-Hoc|iPhone
		{BE6737E5-0DF3-4635-BA90-F61BFCD76D95}.Ad-Hoc|ARM.ActiveCfg = Ad-Hoc|iPhone
		{BE6737E5-0DF3-4635-BA90-F61BFCD76D95}.Ad-Hoc|iPhone.ActiveCfg = Ad-Hoc|iPhone
		{BE6737E5-0DF3-4635-BA90-F61BFCD76D95}.Ad-Hoc|iPhone.Build.0 = Ad-Hoc|iPhone
		{BE6737E5-0DF3-4635-BA90-F61BFCD76D95}.Ad-Hoc|iPhoneSimulator.ActiveCfg = Ad-Hoc|iPhoneSimulator
		{BE6737E5-0DF3-4635-BA90-F61BFCD76D95}.Ad-Hoc|iPhoneSimulator.Build.0 = Ad-Hoc|iPhoneSimulator
		{BE6737E5-0DF3-4635-BA90-F61BFCD76D95}.Ad-Hoc|x64.ActiveCfg = Ad-Hoc|iPhone
		{BE6737E5-0DF3-4635-BA90-F61BFCD76D95}.Ad-Hoc|x86.ActiveCfg = Ad-Hoc|iPhone
		{BE6737E5-0DF3-4635-BA90-F61BFCD76D95}.AppStore|Any CPU.ActiveCfg = AppStore|iPhone
		{BE6737E5-0DF3-4635-BA90-F61BFCD76D95}.AppStore|ARM.ActiveCfg = AppStore|iPhone
		{BE6737E5-0DF3-4635-BA90-F61BFCD76D95}.AppStore|iPhone.ActiveCfg = AppStore|iPhone
		{BE6737E5-0DF3-4635-BA90-F61BFCD76D95}.AppStore|iPhone.Build.0 = AppStore|iPhone
		{BE6737E5-0DF3-4635-BA90-F61BFCD76D95}.AppStore|iPhoneSimulator.ActiveCfg = AppStore|iPhoneSimulator
		{BE6737E5-0DF3-4635-BA90-F61BFCD76D95}.AppStore|iPhoneSimulator.Build.0 = AppStore|iPhoneSimulator
		{BE6737E5-0DF3-4635-BA90-F61BFCD76D95}.AppStore|x64.ActiveCfg = AppStore|iPhone
		{BE6737E5-0DF3-4635-BA90-F61BFCD76D95}.AppStore|x86.ActiveCfg = AppStore|iPhone
		{BE6737E5-0DF3-4635-BA90-F61BFCD76D95}.Debug|Any CPU.ActiveCfg = Debug|iPhone
		{BE6737E5-0DF3-4635-BA90-F61BFCD76D95}.Debug|ARM.ActiveCfg = Debug|iPhone
		{BE6737E5-0DF3-4635-BA90-F61BFCD76D95}.Debug|iPhone.ActiveCfg = Debug|iPhone
		{BE6737E5-0DF3-4635-BA90-F61BFCD76D95}.Debug|iPhone.Build.0 = Debug|iPhone
		{BE6737E5-0DF3-4635-BA90-F61BFCD76D95}.Debug|iPhoneSimulator.ActiveCfg = Debug|iPhoneSimulator
		{BE6737E5-0DF3-4635-BA90-F61BFCD76D95}.Debug|iPhoneSimulator.Build.0 = Debug|iPhoneSimulator
		{BE6737E5-0DF3-4635-BA90-F61BFCD76D95}.Debug|x64.ActiveCfg = Debug|iPhone
		{BE6737E5-0DF3-4635-BA90-F61BFCD76D95}.Debug|x86.ActiveCfg = Debug|iPhone
		{BE6737E5-0DF3-4635-BA90-F61BFCD76D95}.Release|Any CPU.ActiveCfg = Release|iPhone
		{BE6737E5-0DF3-4635-BA90-F61BFCD76D95}.Release|ARM.ActiveCfg = Release|iPhone
		{BE6737E5-0DF3-4635-BA90-F61BFCD76D95}.Release|iPhone.ActiveCfg = Release|iPhone
		{BE6737E5-0DF3-4635-BA90-F61BFCD76D95}.Release|iPhone.Build.0 = Release|iPhone
		{BE6737E5-0DF3-4635-BA90-F61BFCD76D95}.Release|iPhoneSimulator.ActiveCfg = Release|iPhoneSimulator
		{BE6737E5-0DF3-4635-BA90-F61BFCD76D95}.Release|iPhoneSimulator.Build.0 = Release|iPhoneSimulator
		{BE6737E5-0DF3-4635-BA90-F61BFCD76D95}.Release|x64.ActiveCfg = Release|iPhone
		{BE6737E5-0DF3-4635-BA90-F61BFCD76D95}.Release|x86.ActiveCfg = Release|iPhone
		{EB965689-A569-4758-A5A6-E21414429416}.Ad-Hoc|Any CPU.ActiveCfg = Release|Any CPU
		{EB965689-A569-4758-A5A6-E21414429416}.Ad-Hoc|Any CPU.Build.0 = Release|Any CPU
		{EB965689-A569-4758-A5A6-E21414429416}.Ad-Hoc|ARM.ActiveCfg = Release|Any CPU
		{EB965689-A569-4758-A5A6-E21414429416}.Ad-Hoc|ARM.Build.0 = Release|Any CPU
		{EB965689-A569-4758-A5A6-E21414429416}.Ad-Hoc|iPhone.ActiveCfg = Release|Any CPU
		{EB965689-A569-4758-A5A6-E21414429416}.Ad-Hoc|iPhone.Build.0 = Release|Any CPU
		{EB965689-A569-4758-A5A6-E21414429416}.Ad-Hoc|iPhoneSimulator.ActiveCfg = Release|Any CPU
		{EB965689-A569-4758-A5A6-E21414429416}.Ad-Hoc|iPhoneSimulator.Build.0 = Release|Any CPU
		{EB965689-A569-4758-A5A6-E21414429416}.Ad-Hoc|x64.ActiveCfg = Release|Any CPU
		{EB965689-A569-4758-A5A6-E21414429416}.Ad-Hoc|x64.Build.0 = Release|Any CPU
		{EB965689-A569-4758-A5A6-E21414429416}.Ad-Hoc|x86.ActiveCfg = Release|Any CPU
		{EB965689-A569-4758-A5A6-E21414429416}.Ad-Hoc|x86.Build.0 = Release|Any CPU
		{EB965689-A569-4758-A5A6-E21414429416}.AppStore|Any CPU.ActiveCfg = Release|Any CPU
		{EB965689-A569-4758-A5A6-E21414429416}.AppStore|Any CPU.Build.0 = Release|Any CPU
		{EB965689-A569-4758-A5A6-E21414429416}.AppStore|ARM.ActiveCfg = Release|Any CPU
		{EB965689-A569-4758-A5A6-E21414429416}.AppStore|ARM.Build.0 = Release|Any CPU
		{EB965689-A569-4758-A5A6-E21414429416}.AppStore|iPhone.ActiveCfg = Release|Any CPU
		{EB965689-A569-4758-A5A6-E21414429416}.AppStore|iPhone.Build.0 = Release|Any CPU
		{EB965689-A569-4758-A5A6-E21414429416}.AppStore|iPhoneSimulator.ActiveCfg = Release|Any CPU
		{EB965689-A569-4758-A5A6-E21414429416}.AppStore|iPhoneSimulator.Build.0 = Release|Any CPU
		{EB965689-A569-4758-A5A6-E21414429416}.AppStore|x64.ActiveCfg = Release|Any CPU
		{EB965689-A569-4758-A5A6-E21414429416}.AppStore|x64.Build.0 = Release|Any CPU
		{EB965689-A569-4758-A5A6-E21414429416}.AppStore|x86.ActiveCfg = Release|Any CPU
		{EB965689-A569-4758-A5A6-E21414429416}.AppStore|x86.Build.0 = Release|Any CPU
		{EB965689-A569-4758-A5A6-E21414429416}.Debug|Any CPU.ActiveCfg = Debug|Any CPU
		{EB965689-A569-4758-A5A6-E21414429416}.Debug|Any CPU.Build.0 = Debug|Any CPU
		{EB965689-A569-4758-A5A6-E21414429416}.Debug|ARM.ActiveCfg = Debug|Any CPU
		{EB965689-A569-4758-A5A6-E21414429416}.Debug|ARM.Build.0 = Debug|Any CPU
		{EB965689-A569-4758-A5A6-E21414429416}.Debug|iPhone.ActiveCfg = Debug|Any CPU
		{EB965689-A569-4758-A5A6-E21414429416}.Debug|iPhone.Build.0 = Debug|Any CPU
		{EB965689-A569-4758-A5A6-E21414429416}.Debug|iPhoneSimulator.ActiveCfg = Debug|Any CPU
		{EB965689-A569-4758-A5A6-E21414429416}.Debug|iPhoneSimulator.Build.0 = Debug|Any CPU
		{EB965689-A569-4758-A5A6-E21414429416}.Debug|x64.ActiveCfg = Debug|Any CPU
		{EB965689-A569-4758-A5A6-E21414429416}.Debug|x64.Build.0 = Debug|Any CPU
		{EB965689-A569-4758-A5A6-E21414429416}.Debug|x86.ActiveCfg = Debug|Any CPU
		{EB965689-A569-4758-A5A6-E21414429416}.Debug|x86.Build.0 = Debug|Any CPU
		{EB965689-A569-4758-A5A6-E21414429416}.Release|Any CPU.ActiveCfg = Release|Any CPU
		{EB965689-A569-4758-A5A6-E21414429416}.Release|Any CPU.Build.0 = Release|Any CPU
		{EB965689-A569-4758-A5A6-E21414429416}.Release|ARM.ActiveCfg = Release|Any CPU
		{EB965689-A569-4758-A5A6-E21414429416}.Release|ARM.Build.0 = Release|Any CPU
		{EB965689-A569-4758-A5A6-E21414429416}.Release|iPhone.ActiveCfg = Release|Any CPU
		{EB965689-A569-4758-A5A6-E21414429416}.Release|iPhone.Build.0 = Release|Any CPU
		{EB965689-A569-4758-A5A6-E21414429416}.Release|iPhoneSimulator.ActiveCfg = Release|Any CPU
		{EB965689-A569-4758-A5A6-E21414429416}.Release|iPhoneSimulator.Build.0 = Release|Any CPU
		{EB965689-A569-4758-A5A6-E21414429416}.Release|x64.ActiveCfg = Release|Any CPU
		{EB965689-A569-4758-A5A6-E21414429416}.Release|x64.Build.0 = Release|Any CPU
		{EB965689-A569-4758-A5A6-E21414429416}.Release|x86.ActiveCfg = Release|Any CPU
		{EB965689-A569-4758-A5A6-E21414429416}.Release|x86.Build.0 = Release|Any CPU
	EndGlobalSection
	GlobalSection(SolutionProperties) = preSolution
		HideSolutionNode = FALSE
	EndGlobalSection
	GlobalSection(NestedProjects) = preSolution
		{FE5F8B9F-7B71-4C72-A38E-E48C4D4F8B2D} = {DAE70D2E-4129-41ED-983E-6EB8A5F1C42F}
		{65CDE882-CC95-48A9-B7F9-324AB1BD470C} = {FE5F8B9F-7B71-4C72-A38E-E48C4D4F8B2D}
		{882F2DDB-056F-457E-BD84-D83B4C293161} = {DAE70D2E-4129-41ED-983E-6EB8A5F1C42F}
		{6E6C966C-C7CA-48BB-965C-047A4721FBC0} = {882F2DDB-056F-457E-BD84-D83B4C293161}
		{612184CB-CE0E-4196-9E5F-07A8FB309BB3} = {AC714C55-2581-4EB6-9F8C-4086FAE7CEFB}
		{625D2EE8-424F-42D8-8745-0BC374026098} = {35155F02-D641-4121-A90C-0F7FAADDB98B}
		{61E2B3F6-D80E-49E6-A574-B398C316B390} = {35155F02-D641-4121-A90C-0F7FAADDB98B}
		{68ED917D-8430-4903-9658-37BCDC55795E} = {35155F02-D641-4121-A90C-0F7FAADDB98B}
		{A0F8502E-8A27-4975-869B-66135AFE1FCD} = {68ED917D-8430-4903-9658-37BCDC55795E}
		{F48364B4-166E-437C-B615-87F0F8C57B95} = {68ED917D-8430-4903-9658-37BCDC55795E}
		{BE6737E5-0DF3-4635-BA90-F61BFCD76D95} = {68ED917D-8430-4903-9658-37BCDC55795E}
		{EB965689-A569-4758-A5A6-E21414429416} = {AC714C55-2581-4EB6-9F8C-4086FAE7CEFB}
	EndGlobalSection
EndGlobal
